
Microsoft Visual Studio Solution File, Format Version 12.00
# Visual Studio 15
VisualStudioVersion = 15.0.27004.2002
MinimumVisualStudioVersion = 10.0.40219.1
Project("{FAE04EC0-301F-11D3-BF4B-00C04F79EFBC}") = "WebApi", "WebApi\WebApi.csproj", "{D21A3CE4-1F7E-4564-8A94-51B8E22BED1F}"
EndProject
Project("{E53339B2-1760-4266-BCC7-CA923CBCF16C}") = "docker-compose", "docker-compose.dcproj", "{463AF03B-3B14-4CCB-A02A-49437E879A29}"
EndProject
Global
	GlobalSection(SolutionConfigurationPlatforms) = preSolution
		Debug|Any CPU = Debug|Any CPU
		Release|Any CPU = Release|Any CPU
	EndGlobalSection
	GlobalSection(ProjectConfigurationPlatforms) = postSolution
		{D21A3CE4-1F7E-4564-8A94-51B8E22BED1F}.Debug|Any CPU.ActiveCfg = Debug|Any CPU
		{D21A3CE4-1F7E-4564-8A94-51B8E22BED1F}.Debug|Any CPU.Build.0 = Debug|Any CPU
		{D21A3CE4-1F7E-4564-8A94-51B8E22BED1F}.Release|Any CPU.ActiveCfg = Release|Any CPU
		{D21A3CE4-1F7E-4564-8A94-51B8E22BED1F}.Release|Any CPU.Build.0 = Release|Any CPU
		{463AF03B-3B14-4CCB-A02A-49437E879A29}.Debug|Any CPU.ActiveCfg = Debug|Any CPU
		{463AF03B-3B14-4CCB-A02A-49437E879A29}.Debug|Any CPU.Build.0 = Debug|Any CPU
		{463AF03B-3B14-4CCB-A02A-49437E879A29}.Release|Any CPU.ActiveCfg = Release|Any CPU
		{463AF03B-3B14-4CCB-A02A-49437E879A29}.Release|Any CPU.Build.0 = Release|Any CPU
	EndGlobalSection
	GlobalSection(SolutionProperties) = preSolution
		HideSolutionNode = FALSE
	EndGlobalSection
	GlobalSection(ExtensibilityGlobals) = postSolution
		SolutionGuid = {69C03C78-079D-49C2-9E69-D22580846223}
	EndGlobalSection
EndGlobal
